
Microsoft Visual Studio Solution File, Format Version 11.00
# Visual Studio 2010
Project("{FAE04EC0-301F-11D3-BF4B-00C04F79EFBC}") = "Talifun.Commander.Service", "Talifun.Commander.Service\Talifun.Commander.Service.csproj", "{F913C226-1133-4C06-A592-1C2F33B45F7A}"
EndProject
Project("{FAE04EC0-301F-11D3-BF4B-00C04F79EFBC}") = "Talifun.Commander.FileWatcher", "Talifun.Commander.FileWatcher\Talifun.Commander.FileWatcher.csproj", "{1060395D-23C8-4B09-8D37-F1097A3BBFAF}"
EndProject
Project("{FAE04EC0-301F-11D3-BF4B-00C04F79EFBC}") = "Talifun.Commander.TestHarness", "Talifun.Commander.TestHarness\Talifun.Commander.TestHarness.csproj", "{1C336AE8-D47D-4D9B-AA32-586273FB56C5}"
EndProject
Project("{FAE04EC0-301F-11D3-BF4B-00C04F79EFBC}") = "Talifun.Commander.Command", "Talifun.Commander.Command\Talifun.Commander.Command.csproj", "{EF4D6637-806C-4EAB-B372-A73BEE185F5F}"
EndProject
Project("{FAE04EC0-301F-11D3-BF4B-00C04F79EFBC}") = "Talifun.Commander.Command.AntiVirus", "Talifun.Commander.Command.AntiVirus\Talifun.Commander.Command.AntiVirus.csproj", "{2A6BF89F-B832-4CEA-A1B3-03F5AB287228}"
EndProject
Project("{FAE04EC0-301F-11D3-BF4B-00C04F79EFBC}") = "Talifun.Commander.Command.Image", "Talifun.Commander.Command.Image\Talifun.Commander.Command.Image.csproj", "{CFFF52F1-1870-4E7D-B951-800537243A97}"
EndProject
Project("{FAE04EC0-301F-11D3-BF4B-00C04F79EFBC}") = "Talifun.Commander.Command.Audio", "Talifun.Commander.Command.Audio\Talifun.Commander.Command.Audio.csproj", "{A2A1A16E-0821-4618-AAE4-02D2EC477101}"
EndProject
Project("{FAE04EC0-301F-11D3-BF4B-00C04F79EFBC}") = "Talifun.Commander.Command.Video", "Talifun.Commander.Command.Video\Talifun.Commander.Command.Video.csproj", "{A0AACC6C-F046-4057-9CAA-A313512C4E05}"
EndProject
Project("{FAE04EC0-301F-11D3-BF4B-00C04F79EFBC}") = "Talifun.Commander.Command.VideoThumbnailer", "Talifun.Commander.Command.VideoThumbNailer\Talifun.Commander.Command.VideoThumbnailer.csproj", "{261A8736-8B04-4584-B61E-7002D037100F}"
EndProject
Project("{FAE04EC0-301F-11D3-BF4B-00C04F79EFBC}") = "Talifun.Commander.Command.CommandLine", "Talifun.Commander.Command.CommandLine\Talifun.Commander.Command.CommandLine.csproj", "{3DF20FF4-076A-492C-8DF4-6C606DDE7419}"
EndProject
Project("{FAE04EC0-301F-11D3-BF4B-00C04F79EFBC}") = "Talifun.Commander.Executor.CommandLine", "Talifun.Commander.Executor.CommandLine\Talifun.Commander.Executor.CommandLine.csproj", "{05B649B2-2CF7-4775-A77A-1C4B547915AE}"
EndProject
Project("{FAE04EC0-301F-11D3-BF4B-00C04F79EFBC}") = "Talifun.Commander.Executor.FFMpeg", "Talifun.Commander.Executor.FFMpeg\Talifun.Commander.Executor.FFMpeg.csproj", "{DBD72C26-152B-4ED1-8D11-683ABB21F864}"
EndProject
Project("{FAE04EC0-301F-11D3-BF4B-00C04F79EFBC}") = "Talifun.Commander.UI", "Talifun.Commander.UI\Talifun.Commander.UI.csproj", "{258B2334-1F51-4EFF-BCC3-DBA40223F6AC}"
EndProject
Project("{FAE04EC0-301F-11D3-BF4B-00C04F79EFBC}") = "Talifun.Commander.Configurator", "Talifun.Commander.Configurator\Talifun.Commander.Configurator.csproj", "{50755B8E-1139-4139-A680-55319954CD0F}"
EndProject
Project("{930C7802-8A8C-48F9-8165-68863BCCD9DD}") = "Talifun.Commander.Installer", "Talifun.Commander.Installer\Talifun.Commander.Installer.wixproj", "{1B4B5ECA-F54B-4A05-A66D-1137AFCB010E}"
EndProject
Project("{FAE04EC0-301F-11D3-BF4B-00C04F79EFBC}") = "Talifun.Commander.Command.YouTubeUploader", "Talifun.Commander.Command.YouTubeUploader\Talifun.Commander.Command.YouTubeUploader.csproj", "{66A0CFA1-08F1-43A9-BEB8-DEFD4A43221F}"
EndProject
Project("{FAE04EC0-301F-11D3-BF4B-00C04F79EFBC}") = "Talifun.Commander.Specification", "Talifun.Commander.Specification\Talifun.Commander.Specification.csproj", "{C27414CA-59C0-40D8-B0C5-46458F78B399}"
EndProject
Project("{FAE04EC0-301F-11D3-BF4B-00C04F79EFBC}") = "Talifun.Commander.Tests", "Talifun.Commander.Tests\Talifun.Commander.Tests.csproj", "{99F13D77-02FD-46A2-B40B-6ADC0239C3D2}"
EndProject
Project("{FAE04EC0-301F-11D3-BF4B-00C04F79EFBC}") = "Talifun.Commander.Command.PicasaUploader", "Talifun.Commander.Command.PicasaUploader\Talifun.Commander.Command.PicasaUploader.csproj", "{0B7A33A7-D4DC-45DA-9C20-238BF9662779}"
EndProject
Project("{FAE04EC0-301F-11D3-BF4B-00C04F79EFBC}") = "Talifun.Commander.Command.FlickrUploader", "Talifun.Commander.Command.FlickrUploader\Talifun.Commander.Command.FlickrUploader.csproj", "{0AB1E479-20C0-4E08-8261-10BC5744B041}"
EndProject
Project("{FAE04EC0-301F-11D3-BF4B-00C04F79EFBC}") = "Talifun.Commander.Command.DropBoxUploader", "Talifun.Commander.Command.DropBoxUploader\Talifun.Commander.Command.DropBoxUploader.csproj", "{40FDA058-E01A-4A9E-8B4C-0A4310468149}"
EndProject
Global
	GlobalSection(SolutionConfigurationPlatforms) = preSolution
		ASP|Any CPU = ASP|Any CPU
		ASP|Mixed Platforms = ASP|Mixed Platforms
		ASP|x86 = ASP|x86
		Debug|Any CPU = Debug|Any CPU
		Debug|Mixed Platforms = Debug|Mixed Platforms
		Debug|x86 = Debug|x86
		Release|Any CPU = Release|Any CPU
		Release|Mixed Platforms = Release|Mixed Platforms
		Release|x86 = Release|x86
	EndGlobalSection
	GlobalSection(ProjectConfigurationPlatforms) = postSolution
		{F913C226-1133-4C06-A592-1C2F33B45F7A}.ASP|Any CPU.ActiveCfg = Release|x86
		{F913C226-1133-4C06-A592-1C2F33B45F7A}.ASP|Mixed Platforms.ActiveCfg = Release|x86
		{F913C226-1133-4C06-A592-1C2F33B45F7A}.ASP|Mixed Platforms.Build.0 = Release|x86
		{F913C226-1133-4C06-A592-1C2F33B45F7A}.ASP|x86.ActiveCfg = Release|x86
		{F913C226-1133-4C06-A592-1C2F33B45F7A}.ASP|x86.Build.0 = Release|x86
		{F913C226-1133-4C06-A592-1C2F33B45F7A}.Debug|Any CPU.ActiveCfg = Debug|Any CPU
		{F913C226-1133-4C06-A592-1C2F33B45F7A}.Debug|Mixed Platforms.ActiveCfg = Debug|Any CPU
		{F913C226-1133-4C06-A592-1C2F33B45F7A}.Debug|Mixed Platforms.Build.0 = Debug|Any CPU
		{F913C226-1133-4C06-A592-1C2F33B45F7A}.Debug|x86.ActiveCfg = Debug|Any CPU
		{F913C226-1133-4C06-A592-1C2F33B45F7A}.Debug|x86.Build.0 = Debug|Any CPU
		{F913C226-1133-4C06-A592-1C2F33B45F7A}.Release|Any CPU.ActiveCfg = Release|Any CPU
		{F913C226-1133-4C06-A592-1C2F33B45F7A}.Release|Any CPU.Build.0 = Release|Any CPU
		{F913C226-1133-4C06-A592-1C2F33B45F7A}.Release|Mixed Platforms.ActiveCfg = Release|Any CPU
		{F913C226-1133-4C06-A592-1C2F33B45F7A}.Release|Mixed Platforms.Build.0 = Release|Any CPU
		{F913C226-1133-4C06-A592-1C2F33B45F7A}.Release|x86.ActiveCfg = Release|Any CPU
		{F913C226-1133-4C06-A592-1C2F33B45F7A}.Release|x86.Build.0 = Release|Any CPU
		{1060395D-23C8-4B09-8D37-F1097A3BBFAF}.ASP|Any CPU.ActiveCfg = Release.x86|x86
		{1060395D-23C8-4B09-8D37-F1097A3BBFAF}.ASP|Mixed Platforms.ActiveCfg = Release.x86|x86
		{1060395D-23C8-4B09-8D37-F1097A3BBFAF}.ASP|Mixed Platforms.Build.0 = Release.x86|x86
		{1060395D-23C8-4B09-8D37-F1097A3BBFAF}.ASP|x86.ActiveCfg = Release.x86|x86
		{1060395D-23C8-4B09-8D37-F1097A3BBFAF}.ASP|x86.Build.0 = Release.x86|x86
		{1060395D-23C8-4B09-8D37-F1097A3BBFAF}.Debug|Any CPU.ActiveCfg = Debug|Any CPU
		{1060395D-23C8-4B09-8D37-F1097A3BBFAF}.Debug|Any CPU.Build.0 = Debug|Any CPU
		{1060395D-23C8-4B09-8D37-F1097A3BBFAF}.Debug|Mixed Platforms.ActiveCfg = Debug|Any CPU
		{1060395D-23C8-4B09-8D37-F1097A3BBFAF}.Debug|Mixed Platforms.Build.0 = Debug|Any CPU
		{1060395D-23C8-4B09-8D37-F1097A3BBFAF}.Debug|x86.ActiveCfg = Debug|Any CPU
		{1060395D-23C8-4B09-8D37-F1097A3BBFAF}.Debug|x86.Build.0 = Debug|Any CPU
		{1060395D-23C8-4B09-8D37-F1097A3BBFAF}.Release|Any CPU.ActiveCfg = Release|Any CPU
		{1060395D-23C8-4B09-8D37-F1097A3BBFAF}.Release|Any CPU.Build.0 = Release|Any CPU
		{1060395D-23C8-4B09-8D37-F1097A3BBFAF}.Release|Mixed Platforms.ActiveCfg = Release|Any CPU
		{1060395D-23C8-4B09-8D37-F1097A3BBFAF}.Release|Mixed Platforms.Build.0 = Release|Any CPU
		{1060395D-23C8-4B09-8D37-F1097A3BBFAF}.Release|x86.ActiveCfg = Release|Any CPU
		{1060395D-23C8-4B09-8D37-F1097A3BBFAF}.Release|x86.Build.0 = Release|Any CPU
		{1C336AE8-D47D-4D9B-AA32-586273FB56C5}.ASP|Any CPU.ActiveCfg = Release.x86|x86
		{1C336AE8-D47D-4D9B-AA32-586273FB56C5}.ASP|Mixed Platforms.ActiveCfg = Release.x86|x86
		{1C336AE8-D47D-4D9B-AA32-586273FB56C5}.ASP|Mixed Platforms.Build.0 = Release.x86|x86
		{1C336AE8-D47D-4D9B-AA32-586273FB56C5}.ASP|x86.ActiveCfg = Release.x86|x86
		{1C336AE8-D47D-4D9B-AA32-586273FB56C5}.ASP|x86.Build.0 = Release.x86|x86
		{1C336AE8-D47D-4D9B-AA32-586273FB56C5}.Debug|Any CPU.ActiveCfg = Debug|Any CPU
		{1C336AE8-D47D-4D9B-AA32-586273FB56C5}.Debug|Any CPU.Build.0 = Debug|Any CPU
		{1C336AE8-D47D-4D9B-AA32-586273FB56C5}.Debug|Mixed Platforms.ActiveCfg = Debug|Any CPU
		{1C336AE8-D47D-4D9B-AA32-586273FB56C5}.Debug|Mixed Platforms.Build.0 = Debug|Any CPU
		{1C336AE8-D47D-4D9B-AA32-586273FB56C5}.Debug|x86.ActiveCfg = Debug|Any CPU
		{1C336AE8-D47D-4D9B-AA32-586273FB56C5}.Debug|x86.Build.0 = Debug|Any CPU
		{1C336AE8-D47D-4D9B-AA32-586273FB56C5}.Release|Any CPU.ActiveCfg = Release|Any CPU
		{1C336AE8-D47D-4D9B-AA32-586273FB56C5}.Release|Mixed Platforms.ActiveCfg = Release|Any CPU
		{1C336AE8-D47D-4D9B-AA32-586273FB56C5}.Release|Mixed Platforms.Build.0 = Release|Any CPU
		{1C336AE8-D47D-4D9B-AA32-586273FB56C5}.Release|x86.ActiveCfg = Release|Any CPU
		{1C336AE8-D47D-4D9B-AA32-586273FB56C5}.Release|x86.Build.0 = Release|Any CPU
		{EF4D6637-806C-4EAB-B372-A73BEE185F5F}.ASP|Any CPU.ActiveCfg = Release|x86
		{EF4D6637-806C-4EAB-B372-A73BEE185F5F}.ASP|Mixed Platforms.ActiveCfg = Release|x86
		{EF4D6637-806C-4EAB-B372-A73BEE185F5F}.ASP|Mixed Platforms.Build.0 = Release|x86
		{EF4D6637-806C-4EAB-B372-A73BEE185F5F}.ASP|x86.ActiveCfg = Release|x86
		{EF4D6637-806C-4EAB-B372-A73BEE185F5F}.ASP|x86.Build.0 = Release|x86
		{EF4D6637-806C-4EAB-B372-A73BEE185F5F}.Debug|Any CPU.ActiveCfg = Debug|Any CPU
		{EF4D6637-806C-4EAB-B372-A73BEE185F5F}.Debug|Any CPU.Build.0 = Debug|Any CPU
		{EF4D6637-806C-4EAB-B372-A73BEE185F5F}.Debug|Mixed Platforms.ActiveCfg = Debug|Any CPU
		{EF4D6637-806C-4EAB-B372-A73BEE185F5F}.Debug|Mixed Platforms.Build.0 = Debug|Any CPU
		{EF4D6637-806C-4EAB-B372-A73BEE185F5F}.Debug|x86.ActiveCfg = Debug|Any CPU
		{EF4D6637-806C-4EAB-B372-A73BEE185F5F}.Debug|x86.Build.0 = Debug|Any CPU
		{EF4D6637-806C-4EAB-B372-A73BEE185F5F}.Release|Any CPU.ActiveCfg = Release|Any CPU
		{EF4D6637-806C-4EAB-B372-A73BEE185F5F}.Release|Any CPU.Build.0 = Release|Any CPU
		{EF4D6637-806C-4EAB-B372-A73BEE185F5F}.Release|Mixed Platforms.ActiveCfg = Release|Any CPU
		{EF4D6637-806C-4EAB-B372-A73BEE185F5F}.Release|Mixed Platforms.Build.0 = Release|Any CPU
		{EF4D6637-806C-4EAB-B372-A73BEE185F5F}.Release|x86.ActiveCfg = Release|Any CPU
		{EF4D6637-806C-4EAB-B372-A73BEE185F5F}.Release|x86.Build.0 = Release|Any CPU
		{2A6BF89F-B832-4CEA-A1B3-03F5AB287228}.ASP|Any CPU.ActiveCfg = Release|Any CPU
		{2A6BF89F-B832-4CEA-A1B3-03F5AB287228}.ASP|Any CPU.Build.0 = Release|Any CPU
		{2A6BF89F-B832-4CEA-A1B3-03F5AB287228}.ASP|Mixed Platforms.ActiveCfg = Release|Any CPU
		{2A6BF89F-B832-4CEA-A1B3-03F5AB287228}.ASP|Mixed Platforms.Build.0 = Release|Any CPU
		{2A6BF89F-B832-4CEA-A1B3-03F5AB287228}.ASP|x86.ActiveCfg = Release|Any CPU
		{2A6BF89F-B832-4CEA-A1B3-03F5AB287228}.Debug|Any CPU.ActiveCfg = Debug|Any CPU
		{2A6BF89F-B832-4CEA-A1B3-03F5AB287228}.Debug|Any CPU.Build.0 = Debug|Any CPU
		{2A6BF89F-B832-4CEA-A1B3-03F5AB287228}.Debug|Mixed Platforms.ActiveCfg = Debug|Any CPU
		{2A6BF89F-B832-4CEA-A1B3-03F5AB287228}.Debug|Mixed Platforms.Build.0 = Debug|Any CPU
		{2A6BF89F-B832-4CEA-A1B3-03F5AB287228}.Debug|x86.ActiveCfg = Debug|Any CPU
		{2A6BF89F-B832-4CEA-A1B3-03F5AB287228}.Release|Any CPU.ActiveCfg = Release|Any CPU
		{2A6BF89F-B832-4CEA-A1B3-03F5AB287228}.Release|Any CPU.Build.0 = Release|Any CPU
		{2A6BF89F-B832-4CEA-A1B3-03F5AB287228}.Release|Mixed Platforms.ActiveCfg = Release|Any CPU
		{2A6BF89F-B832-4CEA-A1B3-03F5AB287228}.Release|Mixed Platforms.Build.0 = Release|Any CPU
		{2A6BF89F-B832-4CEA-A1B3-03F5AB287228}.Release|x86.ActiveCfg = Release|Any CPU
		{CFFF52F1-1870-4E7D-B951-800537243A97}.ASP|Any CPU.ActiveCfg = Release|Any CPU
		{CFFF52F1-1870-4E7D-B951-800537243A97}.ASP|Any CPU.Build.0 = Release|Any CPU
		{CFFF52F1-1870-4E7D-B951-800537243A97}.ASP|Mixed Platforms.ActiveCfg = Release|Any CPU
		{CFFF52F1-1870-4E7D-B951-800537243A97}.ASP|Mixed Platforms.Build.0 = Release|Any CPU
		{CFFF52F1-1870-4E7D-B951-800537243A97}.ASP|x86.ActiveCfg = Release|Any CPU
		{CFFF52F1-1870-4E7D-B951-800537243A97}.Debug|Any CPU.ActiveCfg = Debug|Any CPU
		{CFFF52F1-1870-4E7D-B951-800537243A97}.Debug|Any CPU.Build.0 = Debug|Any CPU
		{CFFF52F1-1870-4E7D-B951-800537243A97}.Debug|Mixed Platforms.ActiveCfg = Debug|Any CPU
		{CFFF52F1-1870-4E7D-B951-800537243A97}.Debug|Mixed Platforms.Build.0 = Debug|Any CPU
		{CFFF52F1-1870-4E7D-B951-800537243A97}.Debug|x86.ActiveCfg = Debug|Any CPU
		{CFFF52F1-1870-4E7D-B951-800537243A97}.Release|Any CPU.ActiveCfg = Release|Any CPU
		{CFFF52F1-1870-4E7D-B951-800537243A97}.Release|Any CPU.Build.0 = Release|Any CPU
		{CFFF52F1-1870-4E7D-B951-800537243A97}.Release|Mixed Platforms.ActiveCfg = Release|Any CPU
		{CFFF52F1-1870-4E7D-B951-800537243A97}.Release|Mixed Platforms.Build.0 = Release|Any CPU
		{CFFF52F1-1870-4E7D-B951-800537243A97}.Release|x86.ActiveCfg = Release|Any CPU
		{A2A1A16E-0821-4618-AAE4-02D2EC477101}.ASP|Any CPU.ActiveCfg = Release|Any CPU
		{A2A1A16E-0821-4618-AAE4-02D2EC477101}.ASP|Any CPU.Build.0 = Release|Any CPU
		{A2A1A16E-0821-4618-AAE4-02D2EC477101}.ASP|Mixed Platforms.ActiveCfg = Release|Any CPU
		{A2A1A16E-0821-4618-AAE4-02D2EC477101}.ASP|Mixed Platforms.Build.0 = Release|Any CPU
		{A2A1A16E-0821-4618-AAE4-02D2EC477101}.ASP|x86.ActiveCfg = Release|Any CPU
		{A2A1A16E-0821-4618-AAE4-02D2EC477101}.Debug|Any CPU.ActiveCfg = Debug|Any CPU
		{A2A1A16E-0821-4618-AAE4-02D2EC477101}.Debug|Any CPU.Build.0 = Debug|Any CPU
		{A2A1A16E-0821-4618-AAE4-02D2EC477101}.Debug|Mixed Platforms.ActiveCfg = Debug|Any CPU
		{A2A1A16E-0821-4618-AAE4-02D2EC477101}.Debug|Mixed Platforms.Build.0 = Debug|Any CPU
		{A2A1A16E-0821-4618-AAE4-02D2EC477101}.Debug|x86.ActiveCfg = Debug|Any CPU
		{A2A1A16E-0821-4618-AAE4-02D2EC477101}.Release|Any CPU.ActiveCfg = Release|Any CPU
		{A2A1A16E-0821-4618-AAE4-02D2EC477101}.Release|Any CPU.Build.0 = Release|Any CPU
		{A2A1A16E-0821-4618-AAE4-02D2EC477101}.Release|Mixed Platforms.ActiveCfg = Release|Any CPU
		{A2A1A16E-0821-4618-AAE4-02D2EC477101}.Release|Mixed Platforms.Build.0 = Release|Any CPU
		{A2A1A16E-0821-4618-AAE4-02D2EC477101}.Release|x86.ActiveCfg = Release|Any CPU
		{A0AACC6C-F046-4057-9CAA-A313512C4E05}.ASP|Any CPU.ActiveCfg = Release|Any CPU
		{A0AACC6C-F046-4057-9CAA-A313512C4E05}.ASP|Any CPU.Build.0 = Release|Any CPU
		{A0AACC6C-F046-4057-9CAA-A313512C4E05}.ASP|Mixed Platforms.ActiveCfg = Release|Any CPU
		{A0AACC6C-F046-4057-9CAA-A313512C4E05}.ASP|Mixed Platforms.Build.0 = Release|Any CPU
		{A0AACC6C-F046-4057-9CAA-A313512C4E05}.ASP|x86.ActiveCfg = Release|Any CPU
		{A0AACC6C-F046-4057-9CAA-A313512C4E05}.Debug|Any CPU.ActiveCfg = Debug|Any CPU
		{A0AACC6C-F046-4057-9CAA-A313512C4E05}.Debug|Any CPU.Build.0 = Debug|Any CPU
		{A0AACC6C-F046-4057-9CAA-A313512C4E05}.Debug|Mixed Platforms.ActiveCfg = Debug|Any CPU
		{A0AACC6C-F046-4057-9CAA-A313512C4E05}.Debug|Mixed Platforms.Build.0 = Debug|Any CPU
		{A0AACC6C-F046-4057-9CAA-A313512C4E05}.Debug|x86.ActiveCfg = Debug|Any CPU
		{A0AACC6C-F046-4057-9CAA-A313512C4E05}.Release|Any CPU.ActiveCfg = Release|Any CPU
		{A0AACC6C-F046-4057-9CAA-A313512C4E05}.Release|Any CPU.Build.0 = Release|Any CPU
		{A0AACC6C-F046-4057-9CAA-A313512C4E05}.Release|Mixed Platforms.ActiveCfg = Release|Any CPU
		{A0AACC6C-F046-4057-9CAA-A313512C4E05}.Release|Mixed Platforms.Build.0 = Release|Any CPU
		{A0AACC6C-F046-4057-9CAA-A313512C4E05}.Release|x86.ActiveCfg = Release|Any CPU
		{261A8736-8B04-4584-B61E-7002D037100F}.ASP|Any CPU.ActiveCfg = Release|Any CPU
		{261A8736-8B04-4584-B61E-7002D037100F}.ASP|Any CPU.Build.0 = Release|Any CPU
		{261A8736-8B04-4584-B61E-7002D037100F}.ASP|Mixed Platforms.ActiveCfg = Release|Any CPU
		{261A8736-8B04-4584-B61E-7002D037100F}.ASP|Mixed Platforms.Build.0 = Release|Any CPU
		{261A8736-8B04-4584-B61E-7002D037100F}.ASP|x86.ActiveCfg = Release|Any CPU
		{261A8736-8B04-4584-B61E-7002D037100F}.Debug|Any CPU.ActiveCfg = Debug|Any CPU
		{261A8736-8B04-4584-B61E-7002D037100F}.Debug|Any CPU.Build.0 = Debug|Any CPU
		{261A8736-8B04-4584-B61E-7002D037100F}.Debug|Mixed Platforms.ActiveCfg = Debug|Any CPU
		{261A8736-8B04-4584-B61E-7002D037100F}.Debug|Mixed Platforms.Build.0 = Debug|Any CPU
		{261A8736-8B04-4584-B61E-7002D037100F}.Debug|x86.ActiveCfg = Debug|Any CPU
		{261A8736-8B04-4584-B61E-7002D037100F}.Release|Any CPU.ActiveCfg = Release|Any CPU
		{261A8736-8B04-4584-B61E-7002D037100F}.Release|Any CPU.Build.0 = Release|Any CPU
		{261A8736-8B04-4584-B61E-7002D037100F}.Release|Mixed Platforms.ActiveCfg = Release|Any CPU
		{261A8736-8B04-4584-B61E-7002D037100F}.Release|Mixed Platforms.Build.0 = Release|Any CPU
		{261A8736-8B04-4584-B61E-7002D037100F}.Release|x86.ActiveCfg = Release|Any CPU
		{3DF20FF4-076A-492C-8DF4-6C606DDE7419}.ASP|Any CPU.ActiveCfg = Release|Any CPU
		{3DF20FF4-076A-492C-8DF4-6C606DDE7419}.ASP|Any CPU.Build.0 = Release|Any CPU
		{3DF20FF4-076A-492C-8DF4-6C606DDE7419}.ASP|Mixed Platforms.ActiveCfg = Release|Any CPU
		{3DF20FF4-076A-492C-8DF4-6C606DDE7419}.ASP|Mixed Platforms.Build.0 = Release|Any CPU
		{3DF20FF4-076A-492C-8DF4-6C606DDE7419}.ASP|x86.ActiveCfg = Release|Any CPU
		{3DF20FF4-076A-492C-8DF4-6C606DDE7419}.Debug|Any CPU.ActiveCfg = Debug|Any CPU
		{3DF20FF4-076A-492C-8DF4-6C606DDE7419}.Debug|Any CPU.Build.0 = Debug|Any CPU
		{3DF20FF4-076A-492C-8DF4-6C606DDE7419}.Debug|Mixed Platforms.ActiveCfg = Debug|Any CPU
		{3DF20FF4-076A-492C-8DF4-6C606DDE7419}.Debug|Mixed Platforms.Build.0 = Debug|Any CPU
		{3DF20FF4-076A-492C-8DF4-6C606DDE7419}.Debug|x86.ActiveCfg = Debug|Any CPU
		{3DF20FF4-076A-492C-8DF4-6C606DDE7419}.Release|Any CPU.ActiveCfg = Release|Any CPU
		{3DF20FF4-076A-492C-8DF4-6C606DDE7419}.Release|Any CPU.Build.0 = Release|Any CPU
		{3DF20FF4-076A-492C-8DF4-6C606DDE7419}.Release|Mixed Platforms.ActiveCfg = Release|Any CPU
		{3DF20FF4-076A-492C-8DF4-6C606DDE7419}.Release|Mixed Platforms.Build.0 = Release|Any CPU
		{3DF20FF4-076A-492C-8DF4-6C606DDE7419}.Release|x86.ActiveCfg = Release|Any CPU
		{05B649B2-2CF7-4775-A77A-1C4B547915AE}.ASP|Any CPU.ActiveCfg = Release|Any CPU
		{05B649B2-2CF7-4775-A77A-1C4B547915AE}.ASP|Any CPU.Build.0 = Release|Any CPU
		{05B649B2-2CF7-4775-A77A-1C4B547915AE}.ASP|Mixed Platforms.ActiveCfg = Release|Any CPU
		{05B649B2-2CF7-4775-A77A-1C4B547915AE}.ASP|Mixed Platforms.Build.0 = Release|Any CPU
		{05B649B2-2CF7-4775-A77A-1C4B547915AE}.ASP|x86.ActiveCfg = Release|Any CPU
		{05B649B2-2CF7-4775-A77A-1C4B547915AE}.Debug|Any CPU.ActiveCfg = Debug|Any CPU
		{05B649B2-2CF7-4775-A77A-1C4B547915AE}.Debug|Any CPU.Build.0 = Debug|Any CPU
		{05B649B2-2CF7-4775-A77A-1C4B547915AE}.Debug|Mixed Platforms.ActiveCfg = Debug|Any CPU
		{05B649B2-2CF7-4775-A77A-1C4B547915AE}.Debug|Mixed Platforms.Build.0 = Debug|Any CPU
		{05B649B2-2CF7-4775-A77A-1C4B547915AE}.Debug|x86.ActiveCfg = Debug|Any CPU
		{05B649B2-2CF7-4775-A77A-1C4B547915AE}.Release|Any CPU.ActiveCfg = Release|Any CPU
		{05B649B2-2CF7-4775-A77A-1C4B547915AE}.Release|Any CPU.Build.0 = Release|Any CPU
		{05B649B2-2CF7-4775-A77A-1C4B547915AE}.Release|Mixed Platforms.ActiveCfg = Release|Any CPU
		{05B649B2-2CF7-4775-A77A-1C4B547915AE}.Release|Mixed Platforms.Build.0 = Release|Any CPU
		{05B649B2-2CF7-4775-A77A-1C4B547915AE}.Release|x86.ActiveCfg = Release|Any CPU
		{DBD72C26-152B-4ED1-8D11-683ABB21F864}.ASP|Any CPU.ActiveCfg = Release|Any CPU
		{DBD72C26-152B-4ED1-8D11-683ABB21F864}.ASP|Any CPU.Build.0 = Release|Any CPU
		{DBD72C26-152B-4ED1-8D11-683ABB21F864}.ASP|Mixed Platforms.ActiveCfg = Release|Any CPU
		{DBD72C26-152B-4ED1-8D11-683ABB21F864}.ASP|Mixed Platforms.Build.0 = Release|Any CPU
		{DBD72C26-152B-4ED1-8D11-683ABB21F864}.ASP|x86.ActiveCfg = Release|Any CPU
		{DBD72C26-152B-4ED1-8D11-683ABB21F864}.Debug|Any CPU.ActiveCfg = Debug|Any CPU
		{DBD72C26-152B-4ED1-8D11-683ABB21F864}.Debug|Any CPU.Build.0 = Debug|Any CPU
		{DBD72C26-152B-4ED1-8D11-683ABB21F864}.Debug|Mixed Platforms.ActiveCfg = Debug|Any CPU
		{DBD72C26-152B-4ED1-8D11-683ABB21F864}.Debug|Mixed Platforms.Build.0 = Debug|Any CPU
		{DBD72C26-152B-4ED1-8D11-683ABB21F864}.Debug|x86.ActiveCfg = Debug|Any CPU
		{DBD72C26-152B-4ED1-8D11-683ABB21F864}.Release|Any CPU.ActiveCfg = Release|Any CPU
		{DBD72C26-152B-4ED1-8D11-683ABB21F864}.Release|Any CPU.Build.0 = Release|Any CPU
		{DBD72C26-152B-4ED1-8D11-683ABB21F864}.Release|Mixed Platforms.ActiveCfg = Release|Any CPU
		{DBD72C26-152B-4ED1-8D11-683ABB21F864}.Release|Mixed Platforms.Build.0 = Release|Any CPU
		{DBD72C26-152B-4ED1-8D11-683ABB21F864}.Release|x86.ActiveCfg = Release|Any CPU
		{258B2334-1F51-4EFF-BCC3-DBA40223F6AC}.ASP|Any CPU.ActiveCfg = Release|Any CPU
		{258B2334-1F51-4EFF-BCC3-DBA40223F6AC}.ASP|Any CPU.Build.0 = Release|Any CPU
		{258B2334-1F51-4EFF-BCC3-DBA40223F6AC}.ASP|Mixed Platforms.ActiveCfg = Release|Any CPU
		{258B2334-1F51-4EFF-BCC3-DBA40223F6AC}.ASP|Mixed Platforms.Build.0 = Release|Any CPU
		{258B2334-1F51-4EFF-BCC3-DBA40223F6AC}.ASP|x86.ActiveCfg = Release|Any CPU
		{258B2334-1F51-4EFF-BCC3-DBA40223F6AC}.Debug|Any CPU.ActiveCfg = Debug|Any CPU
		{258B2334-1F51-4EFF-BCC3-DBA40223F6AC}.Debug|Any CPU.Build.0 = Debug|Any CPU
		{258B2334-1F51-4EFF-BCC3-DBA40223F6AC}.Debug|Mixed Platforms.ActiveCfg = Debug|Any CPU
		{258B2334-1F51-4EFF-BCC3-DBA40223F6AC}.Debug|Mixed Platforms.Build.0 = Debug|Any CPU
		{258B2334-1F51-4EFF-BCC3-DBA40223F6AC}.Debug|x86.ActiveCfg = Debug|Any CPU
		{258B2334-1F51-4EFF-BCC3-DBA40223F6AC}.Release|Any CPU.ActiveCfg = Release|Any CPU
		{258B2334-1F51-4EFF-BCC3-DBA40223F6AC}.Release|Any CPU.Build.0 = Release|Any CPU
		{258B2334-1F51-4EFF-BCC3-DBA40223F6AC}.Release|Mixed Platforms.ActiveCfg = Release|Any CPU
		{258B2334-1F51-4EFF-BCC3-DBA40223F6AC}.Release|Mixed Platforms.Build.0 = Release|Any CPU
		{258B2334-1F51-4EFF-BCC3-DBA40223F6AC}.Release|x86.ActiveCfg = Release|Any CPU
		{50755B8E-1139-4139-A680-55319954CD0F}.ASP|Any CPU.ActiveCfg = Release|x86
		{50755B8E-1139-4139-A680-55319954CD0F}.ASP|Mixed Platforms.ActiveCfg = Release|x86
		{50755B8E-1139-4139-A680-55319954CD0F}.ASP|Mixed Platforms.Build.0 = Release|x86
		{50755B8E-1139-4139-A680-55319954CD0F}.ASP|x86.ActiveCfg = Release|x86
		{50755B8E-1139-4139-A680-55319954CD0F}.ASP|x86.Build.0 = Release|x86
		{50755B8E-1139-4139-A680-55319954CD0F}.Debug|Any CPU.ActiveCfg = Debug|Any CPU
		{50755B8E-1139-4139-A680-55319954CD0F}.Debug|Any CPU.Build.0 = Debug|Any CPU
		{50755B8E-1139-4139-A680-55319954CD0F}.Debug|Mixed Platforms.ActiveCfg = Debug|Any CPU
		{50755B8E-1139-4139-A680-55319954CD0F}.Debug|Mixed Platforms.Build.0 = Debug|Any CPU
		{50755B8E-1139-4139-A680-55319954CD0F}.Debug|x86.ActiveCfg = Debug|Any CPU
		{50755B8E-1139-4139-A680-55319954CD0F}.Debug|x86.Build.0 = Debug|Any CPU
		{50755B8E-1139-4139-A680-55319954CD0F}.Release|Any CPU.ActiveCfg = Release|Any CPU
		{50755B8E-1139-4139-A680-55319954CD0F}.Release|Any CPU.Build.0 = Release|Any CPU
		{50755B8E-1139-4139-A680-55319954CD0F}.Release|Mixed Platforms.ActiveCfg = Release|Any CPU
		{50755B8E-1139-4139-A680-55319954CD0F}.Release|Mixed Platforms.Build.0 = Release|Any CPU
		{50755B8E-1139-4139-A680-55319954CD0F}.Release|x86.ActiveCfg = Release|Any CPU
		{50755B8E-1139-4139-A680-55319954CD0F}.Release|x86.Build.0 = Release|Any CPU
		{1B4B5ECA-F54B-4A05-A66D-1137AFCB010E}.ASP|Any CPU.ActiveCfg = Release|x86
		{1B4B5ECA-F54B-4A05-A66D-1137AFCB010E}.ASP|Mixed Platforms.ActiveCfg = Release|x86
		{1B4B5ECA-F54B-4A05-A66D-1137AFCB010E}.ASP|Mixed Platforms.Build.0 = Release|x86
		{1B4B5ECA-F54B-4A05-A66D-1137AFCB010E}.ASP|x86.ActiveCfg = Release|x86
		{1B4B5ECA-F54B-4A05-A66D-1137AFCB010E}.ASP|x86.Build.0 = Release|x86
		{1B4B5ECA-F54B-4A05-A66D-1137AFCB010E}.Debug|Any CPU.ActiveCfg = Debug|x86
		{1B4B5ECA-F54B-4A05-A66D-1137AFCB010E}.Debug|Mixed Platforms.ActiveCfg = Debug|x86
		{1B4B5ECA-F54B-4A05-A66D-1137AFCB010E}.Debug|Mixed Platforms.Build.0 = Debug|x86
		{1B4B5ECA-F54B-4A05-A66D-1137AFCB010E}.Debug|x86.ActiveCfg = Debug|x86
		{1B4B5ECA-F54B-4A05-A66D-1137AFCB010E}.Debug|x86.Build.0 = Debug|x86
		{1B4B5ECA-F54B-4A05-A66D-1137AFCB010E}.Release|Any CPU.ActiveCfg = Release|x86
		{1B4B5ECA-F54B-4A05-A66D-1137AFCB010E}.Release|Mixed Platforms.ActiveCfg = Release|x86
		{1B4B5ECA-F54B-4A05-A66D-1137AFCB010E}.Release|Mixed Platforms.Build.0 = Release|x86
		{1B4B5ECA-F54B-4A05-A66D-1137AFCB010E}.Release|x86.ActiveCfg = Release|x86
		{1B4B5ECA-F54B-4A05-A66D-1137AFCB010E}.Release|x86.Build.0 = Release|x86
		{66A0CFA1-08F1-43A9-BEB8-DEFD4A43221F}.ASP|Any CPU.ActiveCfg = Release|Any CPU
		{66A0CFA1-08F1-43A9-BEB8-DEFD4A43221F}.ASP|Any CPU.Build.0 = Release|Any CPU
		{66A0CFA1-08F1-43A9-BEB8-DEFD4A43221F}.ASP|Mixed Platforms.ActiveCfg = Release|Any CPU
		{66A0CFA1-08F1-43A9-BEB8-DEFD4A43221F}.ASP|Mixed Platforms.Build.0 = Release|Any CPU
		{66A0CFA1-08F1-43A9-BEB8-DEFD4A43221F}.ASP|x86.ActiveCfg = Release|Any CPU
		{66A0CFA1-08F1-43A9-BEB8-DEFD4A43221F}.Debug|Any CPU.ActiveCfg = Debug|Any CPU
		{66A0CFA1-08F1-43A9-BEB8-DEFD4A43221F}.Debug|Any CPU.Build.0 = Debug|Any CPU
		{66A0CFA1-08F1-43A9-BEB8-DEFD4A43221F}.Debug|Mixed Platforms.ActiveCfg = Debug|Any CPU
		{66A0CFA1-08F1-43A9-BEB8-DEFD4A43221F}.Debug|Mixed Platforms.Build.0 = Debug|Any CPU
		{66A0CFA1-08F1-43A9-BEB8-DEFD4A43221F}.Debug|x86.ActiveCfg = Debug|Any CPU
		{66A0CFA1-08F1-43A9-BEB8-DEFD4A43221F}.Release|Any CPU.ActiveCfg = Release|Any CPU
		{66A0CFA1-08F1-43A9-BEB8-DEFD4A43221F}.Release|Any CPU.Build.0 = Release|Any CPU
		{66A0CFA1-08F1-43A9-BEB8-DEFD4A43221F}.Release|Mixed Platforms.ActiveCfg = Release|Any CPU
		{66A0CFA1-08F1-43A9-BEB8-DEFD4A43221F}.Release|Mixed Platforms.Build.0 = Release|Any CPU
		{66A0CFA1-08F1-43A9-BEB8-DEFD4A43221F}.Release|x86.ActiveCfg = Release|Any CPU
		{C27414CA-59C0-40D8-B0C5-46458F78B399}.ASP|Any CPU.ActiveCfg = Release|Any CPU
		{C27414CA-59C0-40D8-B0C5-46458F78B399}.ASP|Any CPU.Build.0 = Release|Any CPU
		{C27414CA-59C0-40D8-B0C5-46458F78B399}.ASP|Mixed Platforms.ActiveCfg = Release|Any CPU
		{C27414CA-59C0-40D8-B0C5-46458F78B399}.ASP|Mixed Platforms.Build.0 = Release|Any CPU
		{C27414CA-59C0-40D8-B0C5-46458F78B399}.ASP|x86.ActiveCfg = Release|Any CPU
		{C27414CA-59C0-40D8-B0C5-46458F78B399}.Debug|Any CPU.ActiveCfg = Debug|Any CPU
		{C27414CA-59C0-40D8-B0C5-46458F78B399}.Debug|Any CPU.Build.0 = Debug|Any CPU
		{C27414CA-59C0-40D8-B0C5-46458F78B399}.Debug|Mixed Platforms.ActiveCfg = Debug|Any CPU
		{C27414CA-59C0-40D8-B0C5-46458F78B399}.Debug|Mixed Platforms.Build.0 = Debug|Any CPU
		{C27414CA-59C0-40D8-B0C5-46458F78B399}.Debug|x86.ActiveCfg = Debug|Any CPU
		{C27414CA-59C0-40D8-B0C5-46458F78B399}.Release|Any CPU.ActiveCfg = Release|Any CPU
		{C27414CA-59C0-40D8-B0C5-46458F78B399}.Release|Any CPU.Build.0 = Release|Any CPU
		{C27414CA-59C0-40D8-B0C5-46458F78B399}.Release|Mixed Platforms.ActiveCfg = Release|Any CPU
		{C27414CA-59C0-40D8-B0C5-46458F78B399}.Release|Mixed Platforms.Build.0 = Release|Any CPU
		{C27414CA-59C0-40D8-B0C5-46458F78B399}.Release|x86.ActiveCfg = Release|Any CPU
		{99F13D77-02FD-46A2-B40B-6ADC0239C3D2}.ASP|Any CPU.ActiveCfg = Release|Any CPU
		{99F13D77-02FD-46A2-B40B-6ADC0239C3D2}.ASP|Any CPU.Build.0 = Release|Any CPU
		{99F13D77-02FD-46A2-B40B-6ADC0239C3D2}.ASP|Mixed Platforms.ActiveCfg = Release|Any CPU
		{99F13D77-02FD-46A2-B40B-6ADC0239C3D2}.ASP|Mixed Platforms.Build.0 = Release|Any CPU
		{99F13D77-02FD-46A2-B40B-6ADC0239C3D2}.ASP|x86.ActiveCfg = Release|Any CPU
		{99F13D77-02FD-46A2-B40B-6ADC0239C3D2}.Debug|Any CPU.ActiveCfg = Debug|Any CPU
		{99F13D77-02FD-46A2-B40B-6ADC0239C3D2}.Debug|Any CPU.Build.0 = Debug|Any CPU
		{99F13D77-02FD-46A2-B40B-6ADC0239C3D2}.Debug|Mixed Platforms.ActiveCfg = Debug|Any CPU
		{99F13D77-02FD-46A2-B40B-6ADC0239C3D2}.Debug|Mixed Platforms.Build.0 = Debug|Any CPU
		{99F13D77-02FD-46A2-B40B-6ADC0239C3D2}.Debug|x86.ActiveCfg = Debug|Any CPU
		{99F13D77-02FD-46A2-B40B-6ADC0239C3D2}.Release|Any CPU.ActiveCfg = Release|Any CPU
		{99F13D77-02FD-46A2-B40B-6ADC0239C3D2}.Release|Any CPU.Build.0 = Release|Any CPU
		{99F13D77-02FD-46A2-B40B-6ADC0239C3D2}.Release|Mixed Platforms.ActiveCfg = Release|Any CPU
		{99F13D77-02FD-46A2-B40B-6ADC0239C3D2}.Release|Mixed Platforms.Build.0 = Release|Any CPU
		{99F13D77-02FD-46A2-B40B-6ADC0239C3D2}.Release|x86.ActiveCfg = Release|Any CPU
		{0B7A33A7-D4DC-45DA-9C20-238BF9662779}.ASP|Any CPU.ActiveCfg = Release|Any CPU
		{0B7A33A7-D4DC-45DA-9C20-238BF9662779}.ASP|Any CPU.Build.0 = Release|Any CPU
		{0B7A33A7-D4DC-45DA-9C20-238BF9662779}.ASP|Mixed Platforms.ActiveCfg = Release|Any CPU
		{0B7A33A7-D4DC-45DA-9C20-238BF9662779}.ASP|Mixed Platforms.Build.0 = Release|Any CPU
		{0B7A33A7-D4DC-45DA-9C20-238BF9662779}.ASP|x86.ActiveCfg = Release|Any CPU
		{0B7A33A7-D4DC-45DA-9C20-238BF9662779}.Debug|Any CPU.ActiveCfg = Debug|Any CPU
		{0B7A33A7-D4DC-45DA-9C20-238BF9662779}.Debug|Any CPU.Build.0 = Debug|Any CPU
		{0B7A33A7-D4DC-45DA-9C20-238BF9662779}.Debug|Mixed Platforms.ActiveCfg = Debug|Any CPU
		{0B7A33A7-D4DC-45DA-9C20-238BF9662779}.Debug|Mixed Platforms.Build.0 = Debug|Any CPU
		{0B7A33A7-D4DC-45DA-9C20-238BF9662779}.Debug|x86.ActiveCfg = Debug|Any CPU
		{0B7A33A7-D4DC-45DA-9C20-238BF9662779}.Release|Any CPU.ActiveCfg = Release|Any CPU
		{0B7A33A7-D4DC-45DA-9C20-238BF9662779}.Release|Any CPU.Build.0 = Release|Any CPU
		{0B7A33A7-D4DC-45DA-9C20-238BF9662779}.Release|Mixed Platforms.ActiveCfg = Release|Any CPU
		{0B7A33A7-D4DC-45DA-9C20-238BF9662779}.Release|Mixed Platforms.Build.0 = Release|Any CPU
		{0B7A33A7-D4DC-45DA-9C20-238BF9662779}.Release|x86.ActiveCfg = Release|Any CPU
		{0AB1E479-20C0-4E08-8261-10BC5744B041}.ASP|Any CPU.ActiveCfg = Release|Any CPU
		{0AB1E479-20C0-4E08-8261-10BC5744B041}.ASP|Any CPU.Build.0 = Release|Any CPU
		{0AB1E479-20C0-4E08-8261-10BC5744B041}.ASP|Mixed Platforms.ActiveCfg = Release|Any CPU
		{0AB1E479-20C0-4E08-8261-10BC5744B041}.ASP|Mixed Platforms.Build.0 = Release|Any CPU
		{0AB1E479-20C0-4E08-8261-10BC5744B041}.ASP|x86.ActiveCfg = Release|Any CPU
		{0AB1E479-20C0-4E08-8261-10BC5744B041}.Debug|Any CPU.ActiveCfg = Debug|Any CPU
		{0AB1E479-20C0-4E08-8261-10BC5744B041}.Debug|Any CPU.Build.0 = Debug|Any CPU
		{0AB1E479-20C0-4E08-8261-10BC5744B041}.Debug|Mixed Platforms.ActiveCfg = Debug|Any CPU
		{0AB1E479-20C0-4E08-8261-10BC5744B041}.Debug|Mixed Platforms.Build.0 = Debug|Any CPU
		{0AB1E479-20C0-4E08-8261-10BC5744B041}.Debug|x86.ActiveCfg = Debug|Any CPU
		{0AB1E479-20C0-4E08-8261-10BC5744B041}.Release|Any CPU.ActiveCfg = Release|Any CPU
		{0AB1E479-20C0-4E08-8261-10BC5744B041}.Release|Any CPU.Build.0 = Release|Any CPU
		{0AB1E479-20C0-4E08-8261-10BC5744B041}.Release|Mixed Platforms.ActiveCfg = Release|Any CPU
		{0AB1E479-20C0-4E08-8261-10BC5744B041}.Release|Mixed Platforms.Build.0 = Release|Any CPU
		{0AB1E479-20C0-4E08-8261-10BC5744B041}.Release|x86.ActiveCfg = Release|Any CPU
		{40FDA058-E01A-4A9E-8B4C-0A4310468149}.ASP|Any CPU.ActiveCfg = Release|Any CPU
		{40FDA058-E01A-4A9E-8B4C-0A4310468149}.ASP|Any CPU.Build.0 = Release|Any CPU
		{40FDA058-E01A-4A9E-8B4C-0A4310468149}.ASP|Mixed Platforms.ActiveCfg = Release|Any CPU
		{40FDA058-E01A-4A9E-8B4C-0A4310468149}.ASP|Mixed Platforms.Build.0 = Release|Any CPU
		{40FDA058-E01A-4A9E-8B4C-0A4310468149}.ASP|x86.ActiveCfg = Release|Any CPU
		{40FDA058-E01A-4A9E-8B4C-0A4310468149}.Debug|Any CPU.ActiveCfg = Debug|Any CPU
		{40FDA058-E01A-4A9E-8B4C-0A4310468149}.Debug|Any CPU.Build.0 = Debug|Any CPU
		{40FDA058-E01A-4A9E-8B4C-0A4310468149}.Debug|Mixed Platforms.ActiveCfg = Debug|Any CPU
		{40FDA058-E01A-4A9E-8B4C-0A4310468149}.Debug|Mixed Platforms.Build.0 = Debug|Any CPU
		{40FDA058-E01A-4A9E-8B4C-0A4310468149}.Debug|x86.ActiveCfg = Debug|Any CPU
		{40FDA058-E01A-4A9E-8B4C-0A4310468149}.Release|Any CPU.ActiveCfg = Release|Any CPU
		{40FDA058-E01A-4A9E-8B4C-0A4310468149}.Release|Any CPU.Build.0 = Release|Any CPU
		{40FDA058-E01A-4A9E-8B4C-0A4310468149}.Release|Mixed Platforms.ActiveCfg = Release|Any CPU
		{40FDA058-E01A-4A9E-8B4C-0A4310468149}.Release|Mixed Platforms.Build.0 = Release|Any CPU
		{40FDA058-E01A-4A9E-8B4C-0A4310468149}.Release|x86.ActiveCfg = Release|Any CPU
	EndGlobalSection
	GlobalSection(SolutionProperties) = preSolution
		HideSolutionNode = FALSE
	EndGlobalSection
EndGlobal
